
Microsoft Visual Studio Solution File, Format Version 12.00
# Visual Studio Version 17
VisualStudioVersion = 17.4.33103.184
MinimumVisualStudioVersion = 10.0.40219.1
Project("{FAE04EC0-301F-11D3-BF4B-00C04F79EFBC}") = "api_DevelopmentDemo", "api_DevelopmentDemo\api_DevelopmentDemo.csproj", "{BF068BF5-371A-402B-BB4B-E96FA35BB1D4}"
EndProject
Global
	GlobalSection(SolutionConfigurationPlatforms) = preSolution
		Debug|Any CPU = Debug|Any CPU
		Release|Any CPU = Release|Any CPU
	EndGlobalSection
	GlobalSection(ProjectConfigurationPlatforms) = postSolution
		{BF068BF5-371A-402B-BB4B-E96FA35BB1D4}.Debug|Any CPU.ActiveCfg = Debug|Any CPU
		{BF068BF5-371A-402B-BB4B-E96FA35BB1D4}.Debug|Any CPU.Build.0 = Debug|Any CPU
		{BF068BF5-371A-402B-BB4B-E96FA35BB1D4}.Release|Any CPU.ActiveCfg = Release|Any CPU
		{BF068BF5-371A-402B-BB4B-E96FA35BB1D4}.Release|Any CPU.Build.0 = Release|Any CPU
	EndGlobalSection
	GlobalSection(SolutionProperties) = preSolution
		HideSolutionNode = FALSE
	EndGlobalSection
	GlobalSection(ExtensibilityGlobals) = postSolution
		SolutionGuid = {AA40137A-42BD-4AF9-B473-ECA6AC138039}
	EndGlobalSection
EndGlobal
