
Microsoft Visual Studio Solution File, Format Version 12.00
# Visual Studio Version 17
VisualStudioVersion = 17.4.33103.184
MinimumVisualStudioVersion = 10.0.40219.1
Project("{FAE04EC0-301F-11D3-BF4B-00C04F79EFBC}") = "firstMVCAPP", "firstMVCAPP\firstMVCAPP.csproj", "{A01C296B-CB3D-4FAA-B911-CF052D30E703}"
EndProject
Global
	GlobalSection(SolutionConfigurationPlatforms) = preSolution
		Debug|Any CPU = Debug|Any CPU
		Release|Any CPU = Release|Any CPU
	EndGlobalSection
	GlobalSection(ProjectConfigurationPlatforms) = postSolution
		{A01C296B-CB3D-4FAA-B911-CF052D30E703}.Debug|Any CPU.ActiveCfg = Debug|Any CPU
		{A01C296B-CB3D-4FAA-B911-CF052D30E703}.Debug|Any CPU.Build.0 = Debug|Any CPU
		{A01C296B-CB3D-4FAA-B911-CF052D30E703}.Release|Any CPU.ActiveCfg = Release|Any CPU
		{A01C296B-CB3D-4FAA-B911-CF052D30E703}.Release|Any CPU.Build.0 = Release|Any CPU
	EndGlobalSection
	GlobalSection(SolutionProperties) = preSolution
		HideSolutionNode = FALSE
	EndGlobalSection
	GlobalSection(ExtensibilityGlobals) = postSolution
		SolutionGuid = {82AC7A33-CCF9-4E67-B3C3-10185A1194FD}
	EndGlobalSection
EndGlobal
