
Microsoft Visual Studio Solution File, Format Version 12.00
# Visual Studio Version 17
VisualStudioVersion = 17.4.33103.184
MinimumVisualStudioVersion = 10.0.40219.1
Project("{FAE04EC0-301F-11D3-BF4B-00C04F79EFBC}") = "api_calls", "api_calls\api_calls.csproj", "{905B5EE8-4F4D-4B43-9839-0443940A797F}"
EndProject
Global
	GlobalSection(SolutionConfigurationPlatforms) = preSolution
		Debug|Any CPU = Debug|Any CPU
		Release|Any CPU = Release|Any CPU
	EndGlobalSection
	GlobalSection(ProjectConfigurationPlatforms) = postSolution
		{905B5EE8-4F4D-4B43-9839-0443940A797F}.Debug|Any CPU.ActiveCfg = Debug|Any CPU
		{905B5EE8-4F4D-4B43-9839-0443940A797F}.Debug|Any CPU.Build.0 = Debug|Any CPU
		{905B5EE8-4F4D-4B43-9839-0443940A797F}.Release|Any CPU.ActiveCfg = Release|Any CPU
		{905B5EE8-4F4D-4B43-9839-0443940A797F}.Release|Any CPU.Build.0 = Release|Any CPU
	EndGlobalSection
	GlobalSection(SolutionProperties) = preSolution
		HideSolutionNode = FALSE
	EndGlobalSection
	GlobalSection(ExtensibilityGlobals) = postSolution
		SolutionGuid = {77637EA1-5FDB-49DB-AEB9-1CAA568FA402}
	EndGlobalSection
EndGlobal
